
Microsoft Visual Studio Solution File, Format Version 12.00
# Visual Studio Version 17
VisualStudioVersion = 17.14.36203.30 d17.14
MinimumVisualStudioVersion = 10.0.40219.1
Project("{FAE04EC0-301F-11D3-BF4B-00C04F79EFBC}") = "Common", "Common\Common.csproj", "{8896E5F1-9636-4BFD-B6FA-ED91E52DD8C1}"
EndProject
Project("{FAE04EC0-301F-11D3-BF4B-00C04F79EFBC}") = "Service", "Service\Service.csproj", "{0D626ECE-AC2B-4579-BEC5-01467C176F42}"
EndProject
Project("{FAE04EC0-301F-11D3-BF4B-00C04F79EFBC}") = "Client", "Client\Client.csproj", "{1AAE1F27-001F-43D9-A493-31840708C222}"
EndProject
Global
	GlobalSection(SolutionConfigurationPlatforms) = preSolution
		Debug|Any CPU = Debug|Any CPU
		Release|Any CPU = Release|Any CPU
	EndGlobalSection
	GlobalSection(ProjectConfigurationPlatforms) = postSolution
		{8896E5F1-9636-4BFD-B6FA-ED91E52DD8C1}.Debug|Any CPU.ActiveCfg = Debug|Any CPU
		{8896E5F1-9636-4BFD-B6FA-ED91E52DD8C1}.Debug|Any CPU.Build.0 = Debug|Any CPU
		{8896E5F1-9636-4BFD-B6FA-ED91E52DD8C1}.Release|Any CPU.ActiveCfg = Release|Any CPU
		{8896E5F1-9636-4BFD-B6FA-ED91E52DD8C1}.Release|Any CPU.Build.0 = Release|Any CPU
		{0D626ECE-AC2B-4579-BEC5-01467C176F42}.Debug|Any CPU.ActiveCfg = Debug|Any CPU
		{0D626ECE-AC2B-4579-BEC5-01467C176F42}.Debug|Any CPU.Build.0 = Debug|Any CPU
		{0D626ECE-AC2B-4579-BEC5-01467C176F42}.Release|Any CPU.ActiveCfg = Release|Any CPU
		{0D626ECE-AC2B-4579-BEC5-01467C176F42}.Release|Any CPU.Build.0 = Release|Any CPU
		{1AAE1F27-001F-43D9-A493-31840708C222}.Debug|Any CPU.ActiveCfg = Debug|Any CPU
		{1AAE1F27-001F-43D9-A493-31840708C222}.Debug|Any CPU.Build.0 = Debug|Any CPU
		{1AAE1F27-001F-43D9-A493-31840708C222}.Release|Any CPU.ActiveCfg = Release|Any CPU
		{1AAE1F27-001F-43D9-A493-31840708C222}.Release|Any CPU.Build.0 = Release|Any CPU
	EndGlobalSection
	GlobalSection(SolutionProperties) = preSolution
		HideSolutionNode = FALSE
	EndGlobalSection
	GlobalSection(ExtensibilityGlobals) = postSolution
		SolutionGuid = {8E64DA97-01D4-45F1-B46E-4CDFACCAAFC7}
	EndGlobalSection
EndGlobal
